
Microsoft Visual Studio Solution File, Format Version 12.00
# Visual Studio Version 16
VisualStudioVersion = 16.0.810.25
MinimumVisualStudioVersion = 10.0.40219.1
Project("{FAE04EC0-301F-11D3-BF4B-00C04F79EFBC}") = "ToyRobotChallenge", "ToyRobot\ToyRobotChallenge.csproj", "{9DFAA968-3674-4025-9474-673F03D957EC}"
EndProject
Project("{FAE04EC0-301F-11D3-BF4B-00C04F79EFBC}") = "ToyRobotChallengeTest", "ToyRobotChallengeTest\ToyRobotChallengeTest.csproj", "{26FEE647-AB3B-4B57-B637-4F9C41C46851}"
EndProject
Global
	GlobalSection(SolutionConfigurationPlatforms) = preSolution
		Debug|Any CPU = Debug|Any CPU
		Release|Any CPU = Release|Any CPU
	EndGlobalSection
	GlobalSection(ProjectConfigurationPlatforms) = postSolution
		{9DFAA968-3674-4025-9474-673F03D957EC}.Debug|Any CPU.ActiveCfg = Debug|Any CPU
		{9DFAA968-3674-4025-9474-673F03D957EC}.Debug|Any CPU.Build.0 = Debug|Any CPU
		{9DFAA968-3674-4025-9474-673F03D957EC}.Release|Any CPU.ActiveCfg = Release|Any CPU
		{9DFAA968-3674-4025-9474-673F03D957EC}.Release|Any CPU.Build.0 = Release|Any CPU
		{26FEE647-AB3B-4B57-B637-4F9C41C46851}.Debug|Any CPU.ActiveCfg = Debug|Any CPU
		{26FEE647-AB3B-4B57-B637-4F9C41C46851}.Debug|Any CPU.Build.0 = Debug|Any CPU
		{26FEE647-AB3B-4B57-B637-4F9C41C46851}.Release|Any CPU.ActiveCfg = Release|Any CPU
		{26FEE647-AB3B-4B57-B637-4F9C41C46851}.Release|Any CPU.Build.0 = Release|Any CPU
	EndGlobalSection
	GlobalSection(SolutionProperties) = preSolution
		HideSolutionNode = FALSE
	EndGlobalSection
	GlobalSection(ExtensibilityGlobals) = postSolution
		SolutionGuid = {6D4ED624-41CA-4D59-81A0-204050BE9320}
	EndGlobalSection
EndGlobal
